
Microsoft Visual Studio Solution File, Format Version 12.00
# Visual Studio Version 17
VisualStudioVersion = 17.14.36109.1 d17.14
MinimumVisualStudioVersion = 10.0.40219.1
Project("{FAE04EC0-301F-11D3-BF4B-00C04F79EFBC}") = "Manual", "Manual.csproj", "{ED6D1091-4BD8-4AAF-87BE-F42471979FCB}"
EndProject
Global
	GlobalSection(SolutionConfigurationPlatforms) = preSolution
		Debug|Any CPU = Debug|Any CPU
		Release|Any CPU = Release|Any CPU
	EndGlobalSection
	GlobalSection(ProjectConfigurationPlatforms) = postSolution
		{ED6D1091-4BD8-4AAF-87BE-F42471979FCB}.Debug|Any CPU.ActiveCfg = Debug|Any CPU
		{ED6D1091-4BD8-4AAF-87BE-F42471979FCB}.Debug|Any CPU.Build.0 = Debug|Any CPU
		{ED6D1091-4BD8-4AAF-87BE-F42471979FCB}.Release|Any CPU.ActiveCfg = Release|Any CPU
		{ED6D1091-4BD8-4AAF-87BE-F42471979FCB}.Release|Any CPU.Build.0 = Release|Any CPU
	EndGlobalSection
	GlobalSection(SolutionProperties) = preSolution
		HideSolutionNode = FALSE
	EndGlobalSection
	GlobalSection(ExtensibilityGlobals) = postSolution
		SolutionGuid = {85EDB47A-351C-4888-A6FF-B97963846620}
	EndGlobalSection
EndGlobal
